// !$*UTF8*$!
{
	archiveVersion = 1;
	classes = {
	};
	objectVersion = 46;
	objects = {

/* Begin PBXBuildFile section */
		219682A41D13A95C00EA92FA /* AJBMqttClient.c in Sources */ = {isa = PBXBuildFile; fileRef = 219682831D13A95C00EA92FA /* AJBMqttClient.c */; };
		219682A51D13A95C00EA92FA /* main.c in Sources */ = {isa = PBXBuildFile; fileRef = 219682861D13A95C00EA92FA /* main.c */; };
		219682A61D13A95C00EA92FA /* MQTTCC3200.c in Sources */ = {isa = PBXBuildFile; fileRef = 219682881D13A95C00EA92FA /* MQTTCC3200.c */; };
		219682A71D13A95C00EA92FA /* MQTTClient.c in Sources */ = {isa = PBXBuildFile; fileRef = 2196828A1D13A95C00EA92FA /* MQTTClient.c */; };
		219682A81D13A95C00EA92FA /* MQTTConnectClient.c in Sources */ = {isa = PBXBuildFile; fileRef = 2196828D1D13A95C00EA92FA /* MQTTConnectClient.c */; };
		219682A91D13A95C00EA92FA /* MQTTConnectServer.c in Sources */ = {isa = PBXBuildFile; fileRef = 2196828E1D13A95C00EA92FA /* MQTTConnectServer.c */; };
		219682AA1D13A95C00EA92FA /* MQTTDeserializePublish.c in Sources */ = {isa = PBXBuildFile; fileRef = 219682901D13A95C00EA92FA /* MQTTDeserializePublish.c */; };
		219682AB1D13A95C00EA92FA /* MQTTFormat.c in Sources */ = {isa = PBXBuildFile; fileRef = 219682921D13A95C00EA92FA /* MQTTFormat.c */; };
		219682AC1D13A95C00EA92FA /* MQTTLinux.c in Sources */ = {isa = PBXBuildFile; fileRef = 219682941D13A95C00EA92FA /* MQTTLinux.c */; };
		219682AD1D13A95C00EA92FA /* MqttLog.c in Sources */ = {isa = PBXBuildFile; fileRef = 219682961D13A95C00EA92FA /* MqttLog.c */; };
		219682AE1D13A95C00EA92FA /* MQTTPacket.c in Sources */ = {isa = PBXBuildFile; fileRef = 219682971D13A95C00EA92FA /* MQTTPacket.c */; };
		219682AF1D13A95C00EA92FA /* MQTTSerializePublish.c in Sources */ = {isa = PBXBuildFile; fileRef = 2196829A1D13A95C00EA92FA /* MQTTSerializePublish.c */; };
		219682B01D13A95C00EA92FA /* MQTTSubscribeClient.c in Sources */ = {isa = PBXBuildFile; fileRef = 2196829C1D13A95C00EA92FA /* MQTTSubscribeClient.c */; };
		219682B11D13A95C00EA92FA /* MQTTSubscribeServer.c in Sources */ = {isa = PBXBuildFile; fileRef = 2196829D1D13A95C00EA92FA /* MQTTSubscribeServer.c */; };
		219682B21D13A95C00EA92FA /* MQTTUnsubscribeClient.c in Sources */ = {isa = PBXBuildFile; fileRef = 2196829F1D13A95C00EA92FA /* MQTTUnsubscribeClient.c */; };
		219682B31D13A95C00EA92FA /* MQTTUnsubscribeServer.c in Sources */ = {isa = PBXBuildFile; fileRef = 219682A01D13A95C00EA92FA /* MQTTUnsubscribeServer.c */; };
/* End PBXBuildFile section */

/* Begin PBXCopyFilesBuildPhase section */
		219682761D13A87400EA92FA /* CopyFiles */ = {
			isa = PBXCopyFilesBuildPhase;
			buildActionMask = 2147483647;
			dstPath = /usr/share/man/man1/;
			dstSubfolderSpec = 0;
			files = (
			);
			runOnlyForDeploymentPostprocessing = 1;
		};
/* End PBXCopyFilesBuildPhase section */

/* Begin PBXFileReference section */
		219682781D13A87400EA92FA /* MqttMutiClient */ = {isa = PBXFileReference; explicitFileType = "compiled.mach-o.executable"; includeInIndex = 0; path = MqttMutiClient; sourceTree = BUILT_PRODUCTS_DIR; };
		219682831D13A95C00EA92FA /* AJBMqttClient.c */ = {isa = PBXFileReference; fileEncoding = 4; lastKnownFileType = sourcecode.c.c; path = AJBMqttClient.c; sourceTree = "<group>"; };
		219682841D13A95C00EA92FA /* AJBMqttClient.h */ = {isa = PBXFileReference; fileEncoding = 4; lastKnownFileType = sourcecode.c.h; path = AJBMqttClient.h; sourceTree = "<group>"; };
		219682851D13A95C00EA92FA /* config.cfg */ = {isa = PBXFileReference; fileEncoding = 4; lastKnownFileType = text; path = config.cfg; sourceTree = "<group>"; };
		219682861D13A95C00EA92FA /* main.c */ = {isa = PBXFileReference; fileEncoding = 4; lastKnownFileType = sourcecode.c.c; path = main.c; sourceTree = "<group>"; };
		219682881D13A95C00EA92FA /* MQTTCC3200.c */ = {isa = PBXFileReference; fileEncoding = 4; lastKnownFileType = sourcecode.c.c; path = MQTTCC3200.c; sourceTree = "<group>"; };
		219682891D13A95C00EA92FA /* MQTTCC3200.h */ = {isa = PBXFileReference; fileEncoding = 4; lastKnownFileType = sourcecode.c.h; path = MQTTCC3200.h; sourceTree = "<group>"; };
		2196828A1D13A95C00EA92FA /* MQTTClient.c */ = {isa = PBXFileReference; fileEncoding = 4; lastKnownFileType = sourcecode.c.c; path = MQTTClient.c; sourceTree = "<group>"; };
		2196828B1D13A95C00EA92FA /* MQTTClient.h */ = {isa = PBXFileReference; fileEncoding = 4; lastKnownFileType = sourcecode.c.h; path = MQTTClient.h; sourceTree = "<group>"; };
		2196828C1D13A95C00EA92FA /* MQTTConnect.h */ = {isa = PBXFileReference; fileEncoding = 4; lastKnownFileType = sourcecode.c.h; path = MQTTConnect.h; sourceTree = "<group>"; };
		2196828D1D13A95C00EA92FA /* MQTTConnectClient.c */ = {isa = PBXFileReference; fileEncoding = 4; lastKnownFileType = sourcecode.c.c; path = MQTTConnectClient.c; sourceTree = "<group>"; };
		2196828E1D13A95C00EA92FA /* MQTTConnectServer.c */ = {isa = PBXFileReference; fileEncoding = 4; lastKnownFileType = sourcecode.c.c; path = MQTTConnectServer.c; sourceTree = "<group>"; };
		2196828F1D13A95C00EA92FA /* MqttDefines.h */ = {isa = PBXFileReference; fileEncoding = 4; lastKnownFileType = sourcecode.c.h; path = MqttDefines.h; sourceTree = "<group>"; };
		219682901D13A95C00EA92FA /* MQTTDeserializePublish.c */ = {isa = PBXFileReference; fileEncoding = 4; lastKnownFileType = sourcecode.c.c; path = MQTTDeserializePublish.c; sourceTree = "<group>"; };
		219682911D13A95C00EA92FA /* MqttDispatcher.h */ = {isa = PBXFileReference; fileEncoding = 4; lastKnownFileType = sourcecode.c.h; path = MqttDispatcher.h; sourceTree = "<group>"; };
		219682921D13A95C00EA92FA /* MQTTFormat.c */ = {isa = PBXFileReference; fileEncoding = 4; lastKnownFileType = sourcecode.c.c; path = MQTTFormat.c; sourceTree = "<group>"; };
		219682931D13A95C00EA92FA /* MQTTFormat.h */ = {isa = PBXFileReference; fileEncoding = 4; lastKnownFileType = sourcecode.c.h; path = MQTTFormat.h; sourceTree = "<group>"; };
		219682941D13A95C00EA92FA /* MQTTLinux.c */ = {isa = PBXFileReference; fileEncoding = 4; lastKnownFileType = sourcecode.c.c; path = MQTTLinux.c; sourceTree = "<group>"; };
		219682951D13A95C00EA92FA /* MQTTLinux.h */ = {isa = PBXFileReference; fileEncoding = 4; lastKnownFileType = sourcecode.c.h; path = MQTTLinux.h; sourceTree = "<group>"; };
		219682961D13A95C00EA92FA /* MqttLog.c */ = {isa = PBXFileReference; fileEncoding = 4; lastKnownFileType = sourcecode.c.c; path = MqttLog.c; sourceTree = "<group>"; };
		219682971D13A95C00EA92FA /* MQTTPacket.c */ = {isa = PBXFileReference; fileEncoding = 4; lastKnownFileType = sourcecode.c.c; path = MQTTPacket.c; sourceTree = "<group>"; };
		219682981D13A95C00EA92FA /* MQTTPacket.h */ = {isa = PBXFileReference; fileEncoding = 4; lastKnownFileType = sourcecode.c.h; path = MQTTPacket.h; sourceTree = "<group>"; };
		219682991D13A95C00EA92FA /* MQTTPublish.h */ = {isa = PBXFileReference; fileEncoding = 4; lastKnownFileType = sourcecode.c.h; path = MQTTPublish.h; sourceTree = "<group>"; };
		2196829A1D13A95C00EA92FA /* MQTTSerializePublish.c */ = {isa = PBXFileReference; fileEncoding = 4; lastKnownFileType = sourcecode.c.c; path = MQTTSerializePublish.c; sourceTree = "<group>"; };
		2196829B1D13A95C00EA92FA /* MQTTSubscribe.h */ = {isa = PBXFileReference; fileEncoding = 4; lastKnownFileType = sourcecode.c.h; path = MQTTSubscribe.h; sourceTree = "<group>"; };
		2196829C1D13A95C00EA92FA /* MQTTSubscribeClient.c */ = {isa = PBXFileReference; fileEncoding = 4; lastKnownFileType = sourcecode.c.c; path = MQTTSubscribeClient.c; sourceTree = "<group>"; };
		2196829D1D13A95C00EA92FA /* MQTTSubscribeServer.c */ = {isa = PBXFileReference; fileEncoding = 4; lastKnownFileType = sourcecode.c.c; path = MQTTSubscribeServer.c; sourceTree = "<group>"; };
		2196829E1D13A95C00EA92FA /* MQTTUnsubscribe.h */ = {isa = PBXFileReference; fileEncoding = 4; lastKnownFileType = sourcecode.c.h; path = MQTTUnsubscribe.h; sourceTree = "<group>"; };
		2196829F1D13A95C00EA92FA /* MQTTUnsubscribeClient.c */ = {isa = PBXFileReference; fileEncoding = 4; lastKnownFileType = sourcecode.c.c; path = MQTTUnsubscribeClient.c; sourceTree = "<group>"; };
		219682A01D13A95C00EA92FA /* MQTTUnsubscribeServer.c */ = {isa = PBXFileReference; fileEncoding = 4; lastKnownFileType = sourcecode.c.c; path = MQTTUnsubscribeServer.c; sourceTree = "<group>"; };
		219682A11D13A95C00EA92FA /* PlatformDefines.h */ = {isa = PBXFileReference; fileEncoding = 4; lastKnownFileType = sourcecode.c.h; path = PlatformDefines.h; sourceTree = "<group>"; };
		219682A21D13A95C00EA92FA /* StackTrace.h */ = {isa = PBXFileReference; fileEncoding = 4; lastKnownFileType = sourcecode.c.h; path = StackTrace.h; sourceTree = "<group>"; };
		219682A31D13A95C00EA92FA /* mqttc.sh */ = {isa = PBXFileReference; fileEncoding = 4; lastKnownFileType = text.script.sh; path = mqttc.sh; sourceTree = SOURCE_ROOT; };
/* End PBXFileReference section */

/* Begin PBXFrameworksBuildPhase section */
		219682751D13A87400EA92FA /* Frameworks */ = {
			isa = PBXFrameworksBuildPhase;
			buildActionMask = 2147483647;
			files = (
			);
			runOnlyForDeploymentPostprocessing = 0;
		};
/* End PBXFrameworksBuildPhase section */

/* Begin PBXGroup section */
		2196826F1D13A87400EA92FA = {
			isa = PBXGroup;
			children = (
				2196827A1D13A87400EA92FA /* MqttMutiClient */,
				219682791D13A87400EA92FA /* Products */,
			);
			sourceTree = "<group>";
		};
		219682791D13A87400EA92FA /* Products */ = {
			isa = PBXGroup;
			children = (
				219682781D13A87400EA92FA /* MqttMutiClient */,
			);
			name = Products;
			sourceTree = "<group>";
		};
		2196827A1D13A87400EA92FA /* MqttMutiClient */ = {
			isa = PBXGroup;
			children = (
				219682821D13A95C00EA92FA /* mqttc */,
				219682A31D13A95C00EA92FA /* mqttc.sh */,
			);
			path = MqttMutiClient;
			sourceTree = "<group>";
		};
		219682821D13A95C00EA92FA /* mqttc */ = {
			isa = PBXGroup;
			children = (
				219682851D13A95C00EA92FA /* config.cfg */,
				219682861D13A95C00EA92FA /* main.c */,
				219682B51D13B0F900EA92FA /* AJBMqttClient */,
				219682B61D13B14500EA92FA /* MQTTClient */,
				219682B41D13B0F300EA92FA /* MQTTPacket */,
				219682A11D13A95C00EA92FA /* PlatformDefines.h */,
			);
			path = mqttc;
			sourceTree = SOURCE_ROOT;
		};
		219682B41D13B0F300EA92FA /* MQTTPacket */ = {
			isa = PBXGroup;
			children = (
				2196828C1D13A95C00EA92FA /* MQTTConnect.h */,
				2196828D1D13A95C00EA92FA /* MQTTConnectClient.c */,
				2196828E1D13A95C00EA92FA /* MQTTConnectServer.c */,
				219682901D13A95C00EA92FA /* MQTTDeserializePublish.c */,
				219682A21D13A95C00EA92FA /* StackTrace.h */,
				219682921D13A95C00EA92FA /* MQTTFormat.c */,
				219682931D13A95C00EA92FA /* MQTTFormat.h */,
				219682971D13A95C00EA92FA /* MQTTPacket.c */,
				219682981D13A95C00EA92FA /* MQTTPacket.h */,
				219682991D13A95C00EA92FA /* MQTTPublish.h */,
				2196829A1D13A95C00EA92FA /* MQTTSerializePublish.c */,
				2196829B1D13A95C00EA92FA /* MQTTSubscribe.h */,
				2196829C1D13A95C00EA92FA /* MQTTSubscribeClient.c */,
				2196829D1D13A95C00EA92FA /* MQTTSubscribeServer.c */,
				2196829E1D13A95C00EA92FA /* MQTTUnsubscribe.h */,
				2196829F1D13A95C00EA92FA /* MQTTUnsubscribeClient.c */,
				219682A01D13A95C00EA92FA /* MQTTUnsubscribeServer.c */,
			);
			name = MQTTPacket;
			sourceTree = "<group>";
		};
		219682B51D13B0F900EA92FA /* AJBMqttClient */ = {
			isa = PBXGroup;
			children = (
				2196828F1D13A95C00EA92FA /* MqttDefines.h */,
				219682911D13A95C00EA92FA /* MqttDispatcher.h */,
				219682841D13A95C00EA92FA /* AJBMqttClient.h */,
				219682831D13A95C00EA92FA /* AJBMqttClient.c */,
				219682961D13A95C00EA92FA /* MqttLog.c */,
			);
			name = AJBMqttClient;
			sourceTree = "<group>";
		};
		219682B61D13B14500EA92FA /* MQTTClient */ = {
			isa = PBXGroup;
			children = (
				2196828A1D13A95C00EA92FA /* MQTTClient.c */,
				2196828B1D13A95C00EA92FA /* MQTTClient.h */,
				219682941D13A95C00EA92FA /* MQTTLinux.c */,
				219682951D13A95C00EA92FA /* MQTTLinux.h */,
				219682881D13A95C00EA92FA /* MQTTCC3200.c */,
				219682891D13A95C00EA92FA /* MQTTCC3200.h */,
			);
			name = MQTTClient;
			sourceTree = "<group>";
		};
/* End PBXGroup section */

/* Begin PBXNativeTarget section */
		219682771D13A87400EA92FA /* MqttMutiClient */ = {
			isa = PBXNativeTarget;
			buildConfigurationList = 2196827F1D13A87400EA92FA /* Build configuration list for PBXNativeTarget "MqttMutiClient" */;
			buildPhases = (
				219682741D13A87400EA92FA /* Sources */,
				219682751D13A87400EA92FA /* Frameworks */,
				219682761D13A87400EA92FA /* CopyFiles */,
			);
			buildRules = (
			);
			dependencies = (
			);
			name = MqttMutiClient;
			productName = MqttMutiClient;
			productReference = 219682781D13A87400EA92FA /* MqttMutiClient */;
			productType = "com.apple.product-type.tool";
		};
/* End PBXNativeTarget section */

/* Begin PBXProject section */
		219682701D13A87400EA92FA /* Project object */ = {
			isa = PBXProject;
			attributes = {
				LastUpgradeCheck = 0730;
				ORGANIZATIONNAME = anjubao;
				TargetAttributes = {
					219682771D13A87400EA92FA = {
						CreatedOnToolsVersion = 7.3.1;
					};
				};
			};
			buildConfigurationList = 219682731D13A87400EA92FA /* Build configuration list for PBXProject "MqttMutiClient" */;
			compatibilityVersion = "Xcode 3.2";
			developmentRegion = English;
			hasScannedForEncodings = 0;
			knownRegions = (
				en,
			);
			mainGroup = 2196826F1D13A87400EA92FA;
			productRefGroup = 219682791D13A87400EA92FA /* Products */;
			projectDirPath = "";
			projectRoot = "";
			targets = (
				219682771D13A87400EA92FA /* MqttMutiClient */,
			);
		};
/* End PBXProject section */

/* Begin PBXSourcesBuildPhase section */
		219682741D13A87400EA92FA /* Sources */ = {
			isa = PBXSourcesBuildPhase;
			buildActionMask = 2147483647;
			files = (
				219682A61D13A95C00EA92FA /* MQTTCC3200.c in Sources */,
				219682B21D13A95C00EA92FA /* MQTTUnsubscribeClient.c in Sources */,
				219682A51D13A95C00EA92FA /* main.c in Sources */,
				219682A71D13A95C00EA92FA /* MQTTClient.c in Sources */,
				219682B11D13A95C00EA92FA /* MQTTSubscribeServer.c in Sources */,
				219682AC1D13A95C00EA92FA /* MQTTLinux.c in Sources */,
				219682B01D13A95C00EA92FA /* MQTTSubscribeClient.c in Sources */,
				219682AF1D13A95C00EA92FA /* MQTTSerializePublish.c in Sources */,
				219682AE1D13A95C00EA92FA /* MQTTPacket.c in Sources */,
				219682AD1D13A95C00EA92FA /* MqttLog.c in Sources */,
				219682B31D13A95C00EA92FA /* MQTTUnsubscribeServer.c in Sources */,
				219682A91D13A95C00EA92FA /* MQTTConnectServer.c in Sources */,
				219682AB1D13A95C00EA92FA /* MQTTFormat.c in Sources */,
				219682AA1D13A95C00EA92FA /* MQTTDeserializePublish.c in Sources */,
				219682A41D13A95C00EA92FA /* AJBMqttClient.c in Sources */,
				219682A81D13A95C00EA92FA /* MQTTConnectClient.c in Sources */,
			);
			runOnlyForDeploymentPostprocessing = 0;
		};
/* End PBXSourcesBuildPhase section */

/* Begin XCBuildConfiguration section */
		2196827D1D13A87400EA92FA /* Debug */ = {
			isa = XCBuildConfiguration;
			buildSettings = {
				ALWAYS_SEARCH_USER_PATHS = NO;
				CLANG_ANALYZER_NONNULL = YES;
				CLANG_CXX_LANGUAGE_STANDARD = "gnu++0x";
				CLANG_CXX_LIBRARY = "libc++";
				CLANG_ENABLE_MODULES = YES;
				CLANG_ENABLE_OBJC_ARC = YES;
				CLANG_WARN_BOOL_CONVERSION = YES;
				CLANG_WARN_CONSTANT_CONVERSION = YES;
				CLANG_WARN_DIRECT_OBJC_ISA_USAGE = YES_ERROR;
				CLANG_WARN_EMPTY_BODY = YES;
				CLANG_WARN_ENUM_CONVERSION = YES;
				CLANG_WARN_INT_CONVERSION = YES;
				CLANG_WARN_OBJC_ROOT_CLASS = YES_ERROR;
				CLANG_WARN_UNREACHABLE_CODE = YES;
				CLANG_WARN__DUPLICATE_METHOD_MATCH = YES;
				CODE_SIGN_IDENTITY = "-";
				COPY_PHASE_STRIP = NO;
				DEBUG_INFORMATION_FORMAT = dwarf;
				ENABLE_STRICT_OBJC_MSGSEND = YES;
				ENABLE_TESTABILITY = YES;
				GCC_C_LANGUAGE_STANDARD = gnu99;
				GCC_DYNAMIC_NO_PIC = NO;
				GCC_NO_COMMON_BLOCKS = YES;
				GCC_OPTIMIZATION_LEVEL = 0;
				GCC_PREPROCESSOR_DEFINITIONS = (
					"DEBUG=1",
					"$(inherited)",
				);
				GCC_WARN_64_TO_32_BIT_CONVERSION = YES;
				GCC_WARN_ABOUT_RETURN_TYPE = YES_ERROR;
				GCC_WARN_UNDECLARED_SELECTOR = YES;
				GCC_WARN_UNINITIALIZED_AUTOS = YES_AGGRESSIVE;
				GCC_WARN_UNUSED_FUNCTION = YES;
				GCC_WARN_UNUSED_VARIABLE = YES;
				MACOSX_DEPLOYMENT_TARGET = 10.11;
				MTL_ENABLE_DEBUG_INFO = YES;
				ONLY_ACTIVE_ARCH = YES;
				SDKROOT = macosx;
			};
			name = Debug;
		};
		2196827E1D13A87400EA92FA /* Release */ = {
			isa = XCBuildConfiguration;
			buildSettings = {
				ALWAYS_SEARCH_USER_PATHS = NO;
				CLANG_ANALYZER_NONNULL = YES;
				CLANG_CXX_LANGUAGE_STANDARD = "gnu++0x";
				CLANG_CXX_LIBRARY = "libc++";
				CLANG_ENABLE_MODULES = YES;
				CLANG_ENABLE_OBJC_ARC = YES;
				CLANG_WARN_BOOL_CONVERSION = YES;
				CLANG_WARN_CONSTANT_CONVERSION = YES;
				CLANG_WARN_DIRECT_OBJC_ISA_USAGE = YES_ERROR;
				CLANG_WARN_EMPTY_BODY = YES;
				CLANG_WARN_ENUM_CONVERSION = YES;
				CLANG_WARN_INT_CONVERSION = YES;
				CLANG_WARN_OBJC_ROOT_CLASS = YES_ERROR;
				CLANG_WARN_UNREACHABLE_CODE = YES;
				CLANG_WARN__DUPLICATE_METHOD_MATCH = YES;
				CODE_SIGN_IDENTITY = "-";
				COPY_PHASE_STRIP = NO;
				DEBUG_INFORMATION_FORMAT = "dwarf-with-dsym";
				ENABLE_NS_ASSERTIONS = NO;
				ENABLE_STRICT_OBJC_MSGSEND = YES;
				GCC_C_LANGUAGE_STANDARD = gnu99;
				GCC_NO_COMMON_BLOCKS = YES;
				GCC_WARN_64_TO_32_BIT_CONVERSION = YES;
				GCC_WARN_ABOUT_RETURN_TYPE = YES_ERROR;
				GCC_WARN_UNDECLARED_SELECTOR = YES;
				GCC_WARN_UNINITIALIZED_AUTOS = YES_AGGRESSIVE;
				GCC_WARN_UNUSED_FUNCTION = YES;
				GCC_WARN_UNUSED_VARIABLE = YES;
				MACOSX_DEPLOYMENT_TARGET = 10.11;
				MTL_ENABLE_DEBUG_INFO = NO;
				SDKROOT = macosx;
			};
			name = Release;
		};
		219682801D13A87400EA92FA /* Debug */ = {
			isa = XCBuildConfiguration;
			buildSettings = {
				PRODUCT_NAME = "$(TARGET_NAME)";
				WARNING_CFLAGS = "-Wno-shorten-64-to-32";
			};
			name = Debug;
		};
		219682811D13A87400EA92FA /* Release */ = {
			isa = XCBuildConfiguration;
			buildSettings = {
				PRODUCT_NAME = "$(TARGET_NAME)";
				WARNING_CFLAGS = "-Wno-shorten-64-to-32";
			};
			name = Release;
		};
/* End XCBuildConfiguration section */

/* Begin XCConfigurationList section */
		219682731D13A87400EA92FA /* Build configuration list for PBXProject "MqttMutiClient" */ = {
			isa = XCConfigurationList;
			buildConfigurations = (
				2196827D1D13A87400EA92FA /* Debug */,
				2196827E1D13A87400EA92FA /* Release */,
			);
			defaultConfigurationIsVisible = 0;
			defaultConfigurationName = Release;
		};
		2196827F1D13A87400EA92FA /* Build configuration list for PBXNativeTarget "MqttMutiClient" */ = {
			isa = XCConfigurationList;
			buildConfigurations = (
				219682801D13A87400EA92FA /* Debug */,
				219682811D13A87400EA92FA /* Release */,
			);
			defaultConfigurationIsVisible = 0;
		};
/* End XCConfigurationList section */
	};
	rootObject = 219682701D13A87400EA92FA /* Project object */;
}
